// !$*UTF8*$!
{
	archiveVersion = 1;
	classes = {
	};
	objectVersion = 56;
	objects = {

/* Begin PBXBuildFile section */
		4377CC6329240991007F5E7A /* AutoApp.swift in Sources */ = {isa = PBXBuildFile; fileRef = 4377CC6229240991007F5E7A /* AutoApp.swift */; };
		4377CC6529240991007F5E7A /* ContentView.swift in Sources */ = {isa = PBXBuildFile; fileRef = 4377CC6429240991007F5E7A /* ContentView.swift */; };
		4377CC6729240994007F5E7A /* Assets.xcassets in Resources */ = {isa = PBXBuildFile; fileRef = 4377CC6629240994007F5E7A /* Assets.xcassets */; };
		4377CC6B29240994007F5E7A /* Preview Assets.xcassets in Resources */ = {isa = PBXBuildFile; fileRef = 4377CC6A29240994007F5E7A /* Preview Assets.xcassets */; };
		4377CC7529240994007F5E7A /* AutoTests.swift in Sources */ = {isa = PBXBuildFile; fileRef = 4377CC7429240994007F5E7A /* AutoTests.swift */; };
		4377CC7F29240994007F5E7A /* AutoUITests.swift in Sources */ = {isa = PBXBuildFile; fileRef = 4377CC7E29240994007F5E7A /* AutoUITests.swift */; };
		4377CC8129240994007F5E7A /* AutoUITestsLaunchTests.swift in Sources */ = {isa = PBXBuildFile; fileRef = 4377CC8029240994007F5E7A /* AutoUITestsLaunchTests.swift */; };
		4377CC8F2924113C007F5E7A /* FirebaseAnalytics in Frameworks */ = {isa = PBXBuildFile; productRef = 4377CC8E2924113C007F5E7A /* FirebaseAnalytics */; };
		4377CC912924113C007F5E7A /* FirebaseAnalyticsOnDeviceConversion in Frameworks */ = {isa = PBXBuildFile; productRef = 4377CC902924113C007F5E7A /* FirebaseAnalyticsOnDeviceConversion */; };
		4377CC932924113C007F5E7A /* FirebaseAnalyticsSwift in Frameworks */ = {isa = PBXBuildFile; productRef = 4377CC922924113C007F5E7A /* FirebaseAnalyticsSwift */; };
		4377CC952924113C007F5E7A /* FirebaseAnalyticsWithoutAdIdSupport in Frameworks */ = {isa = PBXBuildFile; productRef = 4377CC942924113C007F5E7A /* FirebaseAnalyticsWithoutAdIdSupport */; };
		4377CC972924113C007F5E7A /* FirebaseAppCheck in Frameworks */ = {isa = PBXBuildFile; productRef = 4377CC962924113C007F5E7A /* FirebaseAppCheck */; };
		4377CC992924113C007F5E7A /* FirebaseAppDistribution-Beta in Frameworks */ = {isa = PBXBuildFile; productRef = 4377CC982924113C007F5E7A /* FirebaseAppDistribution-Beta */; };
		4377CC9B2924113C007F5E7A /* FirebaseAuth in Frameworks */ = {isa = PBXBuildFile; productRef = 4377CC9A2924113C007F5E7A /* FirebaseAuth */; };
		4377CC9D2924113C007F5E7A /* FirebaseAuthCombine-Community in Frameworks */ = {isa = PBXBuildFile; productRef = 4377CC9C2924113C007F5E7A /* FirebaseAuthCombine-Community */; };
		4377CC9F2924113C007F5E7A /* FirebaseCrashlytics in Frameworks */ = {isa = PBXBuildFile; productRef = 4377CC9E2924113C007F5E7A /* FirebaseCrashlytics */; };
		4377CCA12924113C007F5E7A /* FirebaseDatabase in Frameworks */ = {isa = PBXBuildFile; productRef = 4377CCA02924113C007F5E7A /* FirebaseDatabase */; };
		4377CCA32924113C007F5E7A /* FirebaseDatabaseSwift in Frameworks */ = {isa = PBXBuildFile; productRef = 4377CCA22924113C007F5E7A /* FirebaseDatabaseSwift */; };
		4377CCA52924113C007F5E7A /* FirebaseDynamicLinks in Frameworks */ = {isa = PBXBuildFile; productRef = 4377CCA42924113C007F5E7A /* FirebaseDynamicLinks */; };
		4377CCA72924113C007F5E7A /* FirebaseFirestore in Frameworks */ = {isa = PBXBuildFile; productRef = 4377CCA62924113C007F5E7A /* FirebaseFirestore */; };
		4377CCA92924113C007F5E7A /* FirebaseFirestoreCombine-Community in Frameworks */ = {isa = PBXBuildFile; productRef = 4377CCA82924113C007F5E7A /* FirebaseFirestoreCombine-Community */; };
		4377CCAB2924113C007F5E7A /* FirebaseFirestoreSwift in Frameworks */ = {isa = PBXBuildFile; productRef = 4377CCAA2924113C007F5E7A /* FirebaseFirestoreSwift */; };
		4377CCAD2924113C007F5E7A /* FirebaseFunctions in Frameworks */ = {isa = PBXBuildFile; productRef = 4377CCAC2924113C007F5E7A /* FirebaseFunctions */; };
		4377CCAF2924113C007F5E7A /* FirebaseFunctionsCombine-Community in Frameworks */ = {isa = PBXBuildFile; productRef = 4377CCAE2924113C007F5E7A /* FirebaseFunctionsCombine-Community */; };
		4377CCB12924113C007F5E7A /* FirebaseInAppMessaging-Beta in Frameworks */ = {isa = PBXBuildFile; productRef = 4377CCB02924113C007F5E7A /* FirebaseInAppMessaging-Beta */; };
		4377CCB32924113C007F5E7A /* FirebaseInAppMessagingSwift-Beta in Frameworks */ = {isa = PBXBuildFile; productRef = 4377CCB22924113C007F5E7A /* FirebaseInAppMessagingSwift-Beta */; };
		4377CCB52924113C007F5E7A /* FirebaseInstallations in Frameworks */ = {isa = PBXBuildFile; productRef = 4377CCB42924113C007F5E7A /* FirebaseInstallations */; };
		4377CCB72924113C007F5E7A /* FirebaseMLModelDownloader in Frameworks */ = {isa = PBXBuildFile; productRef = 4377CCB62924113C007F5E7A /* FirebaseMLModelDownloader */; };
		4377CCB92924113C007F5E7A /* FirebaseMessaging in Frameworks */ = {isa = PBXBuildFile; productRef = 4377CCB82924113C007F5E7A /* FirebaseMessaging */; };
		4377CCBB2924113C007F5E7A /* FirebasePerformance in Frameworks */ = {isa = PBXBuildFile; productRef = 4377CCBA2924113C007F5E7A /* FirebasePerformance */; };
		4377CCBD2924113C007F5E7A /* FirebaseRemoteConfig in Frameworks */ = {isa = PBXBuildFile; productRef = 4377CCBC2924113C007F5E7A /* FirebaseRemoteConfig */; };
		4377CCBF2924113C007F5E7A /* FirebaseRemoteConfigSwift in Frameworks */ = {isa = PBXBuildFile; productRef = 4377CCBE2924113C007F5E7A /* FirebaseRemoteConfigSwift */; };
		4377CCC12924113C007F5E7A /* FirebaseStorage in Frameworks */ = {isa = PBXBuildFile; productRef = 4377CCC02924113C007F5E7A /* FirebaseStorage */; };
		4377CCC32924113C007F5E7A /* FirebaseStorageCombine-Community in Frameworks */ = {isa = PBXBuildFile; productRef = 4377CCC22924113C007F5E7A /* FirebaseStorageCombine-Community */; };
		4377CCC6292411FF007F5E7A /* GoogleService-Info.plist in Resources */ = {isa = PBXBuildFile; fileRef = 4377CCC5292411FF007F5E7A /* GoogleService-Info.plist */; };
		4377CCCA292412D7007F5E7A /* OTPViewModel.swift in Sources */ = {isa = PBXBuildFile; fileRef = 4377CCC9292412D7007F5E7A /* OTPViewModel.swift */; };
		4377CCCD29241347007F5E7A /* Verification.swift in Sources */ = {isa = PBXBuildFile; fileRef = 4377CCCC29241347007F5E7A /* Verification.swift */; };
		4377CCCF29241368007F5E7A /* Login.swift in Sources */ = {isa = PBXBuildFile; fileRef = 4377CCCE29241368007F5E7A /* Login.swift */; };
/* End PBXBuildFile section */

/* Begin PBXContainerItemProxy section */
		4377CC7129240994007F5E7A /* PBXContainerItemProxy */ = {
			isa = PBXContainerItemProxy;
			containerPortal = 4377CC5729240991007F5E7A /* Project object */;
			proxyType = 1;
			remoteGlobalIDString = 4377CC5E29240991007F5E7A;
			remoteInfo = Auto;
		};
		4377CC7B29240994007F5E7A /* PBXContainerItemProxy */ = {
			isa = PBXContainerItemProxy;
			containerPortal = 4377CC5729240991007F5E7A /* Project object */;
			proxyType = 1;
			remoteGlobalIDString = 4377CC5E29240991007F5E7A;
			remoteInfo = Auto;
		};
/* End PBXContainerItemProxy section */

/* Begin PBXFileReference section */
		4377CC5F29240991007F5E7A /* Auto.app */ = {isa = PBXFileReference; explicitFileType = wrapper.application; includeInIndex = 0; path = Auto.app; sourceTree = BUILT_PRODUCTS_DIR; };
		4377CC6229240991007F5E7A /* AutoApp.swift */ = {isa = PBXFileReference; lastKnownFileType = sourcecode.swift; path = AutoApp.swift; sourceTree = "<group>"; };
		4377CC6429240991007F5E7A /* ContentView.swift */ = {isa = PBXFileReference; lastKnownFileType = sourcecode.swift; path = ContentView.swift; sourceTree = "<group>"; };
		4377CC6629240994007F5E7A /* Assets.xcassets */ = {isa = PBXFileReference; lastKnownFileType = folder.assetcatalog; path = Assets.xcassets; sourceTree = "<group>"; };
		4377CC6829240994007F5E7A /* Auto.entitlements */ = {isa = PBXFileReference; lastKnownFileType = text.plist.entitlements; path = Auto.entitlements; sourceTree = "<group>"; };
		4377CC6A29240994007F5E7A /* Preview Assets.xcassets */ = {isa = PBXFileReference; lastKnownFileType = folder.assetcatalog; path = "Preview Assets.xcassets"; sourceTree = "<group>"; };
		4377CC7029240994007F5E7A /* AutoTests.xctest */ = {isa = PBXFileReference; explicitFileType = wrapper.cfbundle; includeInIndex = 0; path = AutoTests.xctest; sourceTree = BUILT_PRODUCTS_DIR; };
		4377CC7429240994007F5E7A /* AutoTests.swift */ = {isa = PBXFileReference; lastKnownFileType = sourcecode.swift; path = AutoTests.swift; sourceTree = "<group>"; };
		4377CC7A29240994007F5E7A /* AutoUITests.xctest */ = {isa = PBXFileReference; explicitFileType = wrapper.cfbundle; includeInIndex = 0; path = AutoUITests.xctest; sourceTree = BUILT_PRODUCTS_DIR; };
		4377CC7E29240994007F5E7A /* AutoUITests.swift */ = {isa = PBXFileReference; lastKnownFileType = sourcecode.swift; path = AutoUITests.swift; sourceTree = "<group>"; };
		4377CC8029240994007F5E7A /* AutoUITestsLaunchTests.swift */ = {isa = PBXFileReference; lastKnownFileType = sourcecode.swift; path = AutoUITestsLaunchTests.swift; sourceTree = "<group>"; };
		4377CCC5292411FF007F5E7A /* GoogleService-Info.plist */ = {isa = PBXFileReference; fileEncoding = 4; lastKnownFileType = text.plist.xml; path = "GoogleService-Info.plist"; sourceTree = "<group>"; };
		4377CCC72924121B007F5E7A /* Info.plist */ = {isa = PBXFileReference; lastKnownFileType = text.plist; path = Info.plist; sourceTree = "<group>"; };
		4377CCC9292412D7007F5E7A /* OTPViewModel.swift */ = {isa = PBXFileReference; lastKnownFileType = sourcecode.swift; path = OTPViewModel.swift; sourceTree = "<group>"; };
		4377CCCC29241347007F5E7A /* Verification.swift */ = {isa = PBXFileReference; lastKnownFileType = sourcecode.swift; path = Verification.swift; sourceTree = "<group>"; };
		4377CCCE29241368007F5E7A /* Login.swift */ = {isa = PBXFileReference; lastKnownFileType = sourcecode.swift; path = Login.swift; sourceTree = "<group>"; };
/* End PBXFileReference section */

/* Begin PBXFrameworksBuildPhase section */
		4377CC5C29240991007F5E7A /* Frameworks */ = {
			isa = PBXFrameworksBuildPhase;
			buildActionMask = 2147483647;
			files = (
				4377CCA12924113C007F5E7A /* FirebaseDatabase in Frameworks */,
				4377CCAF2924113C007F5E7A /* FirebaseFunctionsCombine-Community in Frameworks */,
				4377CCA72924113C007F5E7A /* FirebaseFirestore in Frameworks */,
				4377CC932924113C007F5E7A /* FirebaseAnalyticsSwift in Frameworks */,
				4377CC8F2924113C007F5E7A /* FirebaseAnalytics in Frameworks */,
				4377CC912924113C007F5E7A /* FirebaseAnalyticsOnDeviceConversion in Frameworks */,
				4377CCB72924113C007F5E7A /* FirebaseMLModelDownloader in Frameworks */,
				4377CCAB2924113C007F5E7A /* FirebaseFirestoreSwift in Frameworks */,
				4377CC972924113C007F5E7A /* FirebaseAppCheck in Frameworks */,
				4377CC952924113C007F5E7A /* FirebaseAnalyticsWithoutAdIdSupport in Frameworks */,
				4377CC9B2924113C007F5E7A /* FirebaseAuth in Frameworks */,
				4377CC9F2924113C007F5E7A /* FirebaseCrashlytics in Frameworks */,
				4377CCBF2924113C007F5E7A /* FirebaseRemoteConfigSwift in Frameworks */,
				4377CCB12924113C007F5E7A /* FirebaseInAppMessaging-Beta in Frameworks */,
				4377CCA32924113C007F5E7A /* FirebaseDatabaseSwift in Frameworks */,
				4377CCAD2924113C007F5E7A /* FirebaseFunctions in Frameworks */,
				4377CCC32924113C007F5E7A /* FirebaseStorageCombine-Community in Frameworks */,
				4377CCBD2924113C007F5E7A /* FirebaseRemoteConfig in Frameworks */,
				4377CC992924113C007F5E7A /* FirebaseAppDistribution-Beta in Frameworks */,
				4377CC9D2924113C007F5E7A /* FirebaseAuthCombine-Community in Frameworks */,
				4377CCBB2924113C007F5E7A /* FirebasePerformance in Frameworks */,
				4377CCB32924113C007F5E7A /* FirebaseInAppMessagingSwift-Beta in Frameworks */,
				4377CCC12924113C007F5E7A /* FirebaseStorage in Frameworks */,
				4377CCA52924113C007F5E7A /* FirebaseDynamicLinks in Frameworks */,
				4377CCA92924113C007F5E7A /* FirebaseFirestoreCombine-Community in Frameworks */,
				4377CCB92924113C007F5E7A /* FirebaseMessaging in Frameworks */,
				4377CCB52924113C007F5E7A /* FirebaseInstallations in Frameworks */,
			);
			runOnlyForDeploymentPostprocessing = 0;
		};
		4377CC6D29240994007F5E7A /* Frameworks */ = {
			isa = PBXFrameworksBuildPhase;
			buildActionMask = 2147483647;
			files = (
			);
			runOnlyForDeploymentPostprocessing = 0;
		};
		4377CC7729240994007F5E7A /* Frameworks */ = {
			isa = PBXFrameworksBuildPhase;
			buildActionMask = 2147483647;
			files = (
			);
			runOnlyForDeploymentPostprocessing = 0;
		};
/* End PBXFrameworksBuildPhase section */

/* Begin PBXGroup section */
		4377CC5629240991007F5E7A = {
			isa = PBXGroup;
			children = (
				4377CCC5292411FF007F5E7A /* GoogleService-Info.plist */,
				4377CCC4292411F2007F5E7A /* Shared */,
				4377CC6129240991007F5E7A /* Auto */,
				4377CC7329240994007F5E7A /* AutoTests */,
				4377CC7D29240994007F5E7A /* AutoUITests */,
				4377CC6029240991007F5E7A /* Products */,
			);
			sourceTree = "<group>";
		};
		4377CC6029240991007F5E7A /* Products */ = {
			isa = PBXGroup;
			children = (
				4377CC5F29240991007F5E7A /* Auto.app */,
				4377CC7029240994007F5E7A /* AutoTests.xctest */,
				4377CC7A29240994007F5E7A /* AutoUITests.xctest */,
			);
			name = Products;
			sourceTree = "<group>";
		};
		4377CC6129240991007F5E7A /* Auto */ = {
			isa = PBXGroup;
			children = (
				4377CCC72924121B007F5E7A /* Info.plist */,
				4377CC6229240991007F5E7A /* AutoApp.swift */,
				4377CC6429240991007F5E7A /* ContentView.swift */,
				4377CC6629240994007F5E7A /* Assets.xcassets */,
				4377CC6829240994007F5E7A /* Auto.entitlements */,
				4377CC6929240994007F5E7A /* Preview Content */,
			);
			path = Auto;
			sourceTree = "<group>";
		};
		4377CC6929240994007F5E7A /* Preview Content */ = {
			isa = PBXGroup;
			children = (
				4377CC6A29240994007F5E7A /* Preview Assets.xcassets */,
			);
			path = "Preview Content";
			sourceTree = "<group>";
		};
		4377CC7329240994007F5E7A /* AutoTests */ = {
			isa = PBXGroup;
			children = (
				4377CC7429240994007F5E7A /* AutoTests.swift */,
			);
			path = AutoTests;
			sourceTree = "<group>";
		};
		4377CC7D29240994007F5E7A /* AutoUITests */ = {
			isa = PBXGroup;
			children = (
				4377CC7E29240994007F5E7A /* AutoUITests.swift */,
				4377CC8029240994007F5E7A /* AutoUITestsLaunchTests.swift */,
			);
			path = AutoUITests;
			sourceTree = "<group>";
		};
		4377CCC4292411F2007F5E7A /* Shared */ = {
			isa = PBXGroup;
			children = (
				4377CCCB292412EA007F5E7A /* View */,
				4377CCC8292412C6007F5E7A /* ViewModel */,
			);
			path = Shared;
			sourceTree = "<group>";
		};
		4377CCC8292412C6007F5E7A /* ViewModel */ = {
			isa = PBXGroup;
			children = (
				4377CCC9292412D7007F5E7A /* OTPViewModel.swift */,
			);
			path = ViewModel;
			sourceTree = "<group>";
		};
		4377CCCB292412EA007F5E7A /* View */ = {
			isa = PBXGroup;
			children = (
				4377CCCC29241347007F5E7A /* Verification.swift */,
				4377CCCE29241368007F5E7A /* Login.swift */,
			);
			path = View;
			sourceTree = "<group>";
		};
/* End PBXGroup section */

/* Begin PBXNativeTarget section */
		4377CC5E29240991007F5E7A /* Auto */ = {
			isa = PBXNativeTarget;
			buildConfigurationList = 4377CC8429240994007F5E7A /* Build configuration list for PBXNativeTarget "Auto" */;
			buildPhases = (
				4377CC5B29240991007F5E7A /* Sources */,
				4377CC5C29240991007F5E7A /* Frameworks */,
				4377CC5D29240991007F5E7A /* Resources */,
			);
			buildRules = (
			);
			dependencies = (
			);
			name = Auto;
			packageProductDependencies = (
				4377CC8E2924113C007F5E7A /* FirebaseAnalytics */,
				4377CC902924113C007F5E7A /* FirebaseAnalyticsOnDeviceConversion */,
				4377CC922924113C007F5E7A /* FirebaseAnalyticsSwift */,
				4377CC942924113C007F5E7A /* FirebaseAnalyticsWithoutAdIdSupport */,
				4377CC962924113C007F5E7A /* FirebaseAppCheck */,
				4377CC982924113C007F5E7A /* FirebaseAppDistribution-Beta */,
				4377CC9A2924113C007F5E7A /* FirebaseAuth */,
				4377CC9C2924113C007F5E7A /* FirebaseAuthCombine-Community */,
				4377CC9E2924113C007F5E7A /* FirebaseCrashlytics */,
				4377CCA02924113C007F5E7A /* FirebaseDatabase */,
				4377CCA22924113C007F5E7A /* FirebaseDatabaseSwift */,
				4377CCA42924113C007F5E7A /* FirebaseDynamicLinks */,
				4377CCA62924113C007F5E7A /* FirebaseFirestore */,
				4377CCA82924113C007F5E7A /* FirebaseFirestoreCombine-Community */,
				4377CCAA2924113C007F5E7A /* FirebaseFirestoreSwift */,
				4377CCAC2924113C007F5E7A /* FirebaseFunctions */,
				4377CCAE2924113C007F5E7A /* FirebaseFunctionsCombine-Community */,
				4377CCB02924113C007F5E7A /* FirebaseInAppMessaging-Beta */,
				4377CCB22924113C007F5E7A /* FirebaseInAppMessagingSwift-Beta */,
				4377CCB42924113C007F5E7A /* FirebaseInstallations */,
				4377CCB62924113C007F5E7A /* FirebaseMLModelDownloader */,
				4377CCB82924113C007F5E7A /* FirebaseMessaging */,
				4377CCBA2924113C007F5E7A /* FirebasePerformance */,
				4377CCBC2924113C007F5E7A /* FirebaseRemoteConfig */,
				4377CCBE2924113C007F5E7A /* FirebaseRemoteConfigSwift */,
				4377CCC02924113C007F5E7A /* FirebaseStorage */,
				4377CCC22924113C007F5E7A /* FirebaseStorageCombine-Community */,
			);
			productName = Auto;
			productReference = 4377CC5F29240991007F5E7A /* Auto.app */;
			productType = "com.apple.product-type.application";
		};
		4377CC6F29240994007F5E7A /* AutoTests */ = {
			isa = PBXNativeTarget;
			buildConfigurationList = 4377CC8729240994007F5E7A /* Build configuration list for PBXNativeTarget "AutoTests" */;
			buildPhases = (
				4377CC6C29240994007F5E7A /* Sources */,
				4377CC6D29240994007F5E7A /* Frameworks */,
				4377CC6E29240994007F5E7A /* Resources */,
			);
			buildRules = (
			);
			dependencies = (
				4377CC7229240994007F5E7A /* PBXTargetDependency */,
			);
			name = AutoTests;
			productName = AutoTests;
			productReference = 4377CC7029240994007F5E7A /* AutoTests.xctest */;
			productType = "com.apple.product-type.bundle.unit-test";
		};
		4377CC7929240994007F5E7A /* AutoUITests */ = {
			isa = PBXNativeTarget;
			buildConfigurationList = 4377CC8A29240994007F5E7A /* Build configuration list for PBXNativeTarget "AutoUITests" */;
			buildPhases = (
				4377CC7629240994007F5E7A /* Sources */,
				4377CC7729240994007F5E7A /* Frameworks */,
				4377CC7829240994007F5E7A /* Resources */,
			);
			buildRules = (
			);
			dependencies = (
				4377CC7C29240994007F5E7A /* PBXTargetDependency */,
			);
			name = AutoUITests;
			productName = AutoUITests;
			productReference = 4377CC7A29240994007F5E7A /* AutoUITests.xctest */;
			productType = "com.apple.product-type.bundle.ui-testing";
		};
/* End PBXNativeTarget section */

/* Begin PBXProject section */
		4377CC5729240991007F5E7A /* Project object */ = {
			isa = PBXProject;
			attributes = {
				BuildIndependentTargetsInParallel = 1;
				LastSwiftUpdateCheck = 1410;
				LastUpgradeCheck = 1410;
				TargetAttributes = {
					4377CC5E29240991007F5E7A = {
						CreatedOnToolsVersion = 14.1;
					};
					4377CC6F29240994007F5E7A = {
						CreatedOnToolsVersion = 14.1;
						TestTargetID = 4377CC5E29240991007F5E7A;
					};
					4377CC7929240994007F5E7A = {
						CreatedOnToolsVersion = 14.1;
						TestTargetID = 4377CC5E29240991007F5E7A;
					};
				};
			};
			buildConfigurationList = 4377CC5A29240991007F5E7A /* Build configuration list for PBXProject "Auto" */;
			compatibilityVersion = "Xcode 14.0";
			developmentRegion = en;
			hasScannedForEncodings = 0;
			knownRegions = (
				en,
				Base,
			);
			mainGroup = 4377CC5629240991007F5E7A;
			packageReferences = (
				4377CC8D2924113B007F5E7A /* XCRemoteSwiftPackageReference "firebase-ios-sdk" */,
			);
			productRefGroup = 4377CC6029240991007F5E7A /* Products */;
			projectDirPath = "";
			projectRoot = "";
			targets = (
				4377CC5E29240991007F5E7A /* Auto */,
				4377CC6F29240994007F5E7A /* AutoTests */,
				4377CC7929240994007F5E7A /* AutoUITests */,
			);
		};
/* End PBXProject section */

/* Begin PBXResourcesBuildPhase section */
		4377CC5D29240991007F5E7A /* Resources */ = {
			isa = PBXResourcesBuildPhase;
			buildActionMask = 2147483647;
			files = (
				4377CC6B29240994007F5E7A /* Preview Assets.xcassets in Resources */,
				4377CC6729240994007F5E7A /* Assets.xcassets in Resources */,
				4377CCC6292411FF007F5E7A /* GoogleService-Info.plist in Resources */,
			);
			runOnlyForDeploymentPostprocessing = 0;
		};
		4377CC6E29240994007F5E7A /* Resources */ = {
			isa = PBXResourcesBuildPhase;
			buildActionMask = 2147483647;
			files = (
			);
			runOnlyForDeploymentPostprocessing = 0;
		};
		4377CC7829240994007F5E7A /* Resources */ = {
			isa = PBXResourcesBuildPhase;
			buildActionMask = 2147483647;
			files = (
			);
			runOnlyForDeploymentPostprocessing = 0;
		};
/* End PBXResourcesBuildPhase section */

/* Begin PBXSourcesBuildPhase section */
		4377CC5B29240991007F5E7A /* Sources */ = {
			isa = PBXSourcesBuildPhase;
			buildActionMask = 2147483647;
			files = (
				4377CCCD29241347007F5E7A /* Verification.swift in Sources */,
				4377CCCF29241368007F5E7A /* Login.swift in Sources */,
				4377CC6529240991007F5E7A /* ContentView.swift in Sources */,
				4377CC6329240991007F5E7A /* AutoApp.swift in Sources */,
				4377CCCA292412D7007F5E7A /* OTPViewModel.swift in Sources */,
			);
			runOnlyForDeploymentPostprocessing = 0;
		};
		4377CC6C29240994007F5E7A /* Sources */ = {
			isa = PBXSourcesBuildPhase;
			buildActionMask = 2147483647;
			files = (
				4377CC7529240994007F5E7A /* AutoTests.swift in Sources */,
			);
			runOnlyForDeploymentPostprocessing = 0;
		};
		4377CC7629240994007F5E7A /* Sources */ = {
			isa = PBXSourcesBuildPhase;
			buildActionMask = 2147483647;
			files = (
				4377CC7F29240994007F5E7A /* AutoUITests.swift in Sources */,
				4377CC8129240994007F5E7A /* AutoUITestsLaunchTests.swift in Sources */,
			);
			runOnlyForDeploymentPostprocessing = 0;
		};
/* End PBXSourcesBuildPhase section */

/* Begin PBXTargetDependency section */
		4377CC7229240994007F5E7A /* PBXTargetDependency */ = {
			isa = PBXTargetDependency;
			target = 4377CC5E29240991007F5E7A /* Auto */;
			targetProxy = 4377CC7129240994007F5E7A /* PBXContainerItemProxy */;
		};
		4377CC7C29240994007F5E7A /* PBXTargetDependency */ = {
			isa = PBXTargetDependency;
			target = 4377CC5E29240991007F5E7A /* Auto */;
			targetProxy = 4377CC7B29240994007F5E7A /* PBXContainerItemProxy */;
		};
/* End PBXTargetDependency section */

/* Begin XCBuildConfiguration section */
		4377CC8229240994007F5E7A /* Debug */ = {
			isa = XCBuildConfiguration;
			buildSettings = {
				ALWAYS_SEARCH_USER_PATHS = NO;
				CLANG_ANALYZER_NONNULL = YES;
				CLANG_ANALYZER_NUMBER_OBJECT_CONVERSION = YES_AGGRESSIVE;
				CLANG_CXX_LANGUAGE_STANDARD = "gnu++20";
				CLANG_ENABLE_MODULES = YES;
				CLANG_ENABLE_OBJC_ARC = YES;
				CLANG_ENABLE_OBJC_WEAK = YES;
				CLANG_WARN_BLOCK_CAPTURE_AUTORELEASING = YES;
				CLANG_WARN_BOOL_CONVERSION = YES;
				CLANG_WARN_COMMA = YES;
				CLANG_WARN_CONSTANT_CONVERSION = YES;
				CLANG_WARN_DEPRECATED_OBJC_IMPLEMENTATIONS = YES;
				CLANG_WARN_DIRECT_OBJC_ISA_USAGE = YES_ERROR;
				CLANG_WARN_DOCUMENTATION_COMMENTS = YES;
				CLANG_WARN_EMPTY_BODY = YES;
				CLANG_WARN_ENUM_CONVERSION = YES;
				CLANG_WARN_INFINITE_RECURSION = YES;
				CLANG_WARN_INT_CONVERSION = YES;
				CLANG_WARN_NON_LITERAL_NULL_CONVERSION = YES;
				CLANG_WARN_OBJC_IMPLICIT_RETAIN_SELF = YES;
				CLANG_WARN_OBJC_LITERAL_CONVERSION = YES;
				CLANG_WARN_OBJC_ROOT_CLASS = YES_ERROR;
				CLANG_WARN_QUOTED_INCLUDE_IN_FRAMEWORK_HEADER = YES;
				CLANG_WARN_RANGE_LOOP_ANALYSIS = YES;
				CLANG_WARN_STRICT_PROTOTYPES = YES;
				CLANG_WARN_SUSPICIOUS_MOVE = YES;
				CLANG_WARN_UNGUARDED_AVAILABILITY = YES_AGGRESSIVE;
				CLANG_WARN_UNREACHABLE_CODE = YES;
				CLANG_WARN__DUPLICATE_METHOD_MATCH = YES;
				COPY_PHASE_STRIP = NO;
				DEBUG_INFORMATION_FORMAT = dwarf;
				ENABLE_STRICT_OBJC_MSGSEND = YES;
				ENABLE_TESTABILITY = YES;
				GCC_C_LANGUAGE_STANDARD = gnu11;
				GCC_DYNAMIC_NO_PIC = NO;
				GCC_NO_COMMON_BLOCKS = YES;
				GCC_OPTIMIZATION_LEVEL = 0;
				GCC_PREPROCESSOR_DEFINITIONS = (
					"DEBUG=1",
					"$(inherited)",
				);
				GCC_WARN_64_TO_32_BIT_CONVERSION = YES;
				GCC_WARN_ABOUT_RETURN_TYPE = YES_ERROR;
				GCC_WARN_UNDECLARED_SELECTOR = YES;
				GCC_WARN_UNINITIALIZED_AUTOS = YES_AGGRESSIVE;
				GCC_WARN_UNUSED_FUNCTION = YES;
				GCC_WARN_UNUSED_VARIABLE = YES;
				MTL_ENABLE_DEBUG_INFO = INCLUDE_SOURCE;
				MTL_FAST_MATH = YES;
				ONLY_ACTIVE_ARCH = YES;
				SWIFT_ACTIVE_COMPILATION_CONDITIONS = DEBUG;
				SWIFT_OPTIMIZATION_LEVEL = "-Onone";
			};
			name = Debug;
		};
		4377CC8329240994007F5E7A /* Release */ = {
			isa = XCBuildConfiguration;
			buildSettings = {
				ALWAYS_SEARCH_USER_PATHS = NO;
				CLANG_ANALYZER_NONNULL = YES;
				CLANG_ANALYZER_NUMBER_OBJECT_CONVERSION = YES_AGGRESSIVE;
				CLANG_CXX_LANGUAGE_STANDARD = "gnu++20";
				CLANG_ENABLE_MODULES = YES;
				CLANG_ENABLE_OBJC_ARC = YES;
				CLANG_ENABLE_OBJC_WEAK = YES;
				CLANG_WARN_BLOCK_CAPTURE_AUTORELEASING = YES;
				CLANG_WARN_BOOL_CONVERSION = YES;
				CLANG_WARN_COMMA = YES;
				CLANG_WARN_CONSTANT_CONVERSION = YES;
				CLANG_WARN_DEPRECATED_OBJC_IMPLEMENTATIONS = YES;
				CLANG_WARN_DIRECT_OBJC_ISA_USAGE = YES_ERROR;
				CLANG_WARN_DOCUMENTATION_COMMENTS = YES;
				CLANG_WARN_EMPTY_BODY = YES;
				CLANG_WARN_ENUM_CONVERSION = YES;
				CLANG_WARN_INFINITE_RECURSION = YES;
				CLANG_WARN_INT_CONVERSION = YES;
				CLANG_WARN_NON_LITERAL_NULL_CONVERSION = YES;
				CLANG_WARN_OBJC_IMPLICIT_RETAIN_SELF = YES;
				CLANG_WARN_OBJC_LITERAL_CONVERSION = YES;
				CLANG_WARN_OBJC_ROOT_CLASS = YES_ERROR;
				CLANG_WARN_QUOTED_INCLUDE_IN_FRAMEWORK_HEADER = YES;
				CLANG_WARN_RANGE_LOOP_ANALYSIS = YES;
				CLANG_WARN_STRICT_PROTOTYPES = YES;
				CLANG_WARN_SUSPICIOUS_MOVE = YES;
				CLANG_WARN_UNGUARDED_AVAILABILITY = YES_AGGRESSIVE;
				CLANG_WARN_UNREACHABLE_CODE = YES;
				CLANG_WARN__DUPLICATE_METHOD_MATCH = YES;
				COPY_PHASE_STRIP = NO;
				DEBUG_INFORMATION_FORMAT = "dwarf-with-dsym";
				ENABLE_NS_ASSERTIONS = NO;
				ENABLE_STRICT_OBJC_MSGSEND = YES;
				GCC_C_LANGUAGE_STANDARD = gnu11;
				GCC_NO_COMMON_BLOCKS = YES;
				GCC_WARN_64_TO_32_BIT_CONVERSION = YES;
				GCC_WARN_ABOUT_RETURN_TYPE = YES_ERROR;
				GCC_WARN_UNDECLARED_SELECTOR = YES;
				GCC_WARN_UNINITIALIZED_AUTOS = YES_AGGRESSIVE;
				GCC_WARN_UNUSED_FUNCTION = YES;
				GCC_WARN_UNUSED_VARIABLE = YES;
				MTL_ENABLE_DEBUG_INFO = NO;
				MTL_FAST_MATH = YES;
				SWIFT_COMPILATION_MODE = wholemodule;
				SWIFT_OPTIMIZATION_LEVEL = "-O";
			};
			name = Release;
		};
		4377CC8529240994007F5E7A /* Debug */ = {
			isa = XCBuildConfiguration;
			buildSettings = {
				ASSETCATALOG_COMPILER_APPICON_NAME = AppIcon;
				ASSETCATALOG_COMPILER_GLOBAL_ACCENT_COLOR_NAME = AccentColor;
				CODE_SIGN_ENTITLEMENTS = Auto/Auto.entitlements;
				CODE_SIGN_STYLE = Automatic;
				CURRENT_PROJECT_VERSION = 1;
				DEVELOPMENT_ASSET_PATHS = "\"Auto/Preview Content\"";
				DEVELOPMENT_TEAM = 4V37SMT4Q2;
				ENABLE_HARDENED_RUNTIME = YES;
				ENABLE_PREVIEWS = YES;
				GENERATE_INFOPLIST_FILE = YES;
				INFOPLIST_FILE = Auto/Info.plist;
				"INFOPLIST_KEY_UIApplicationSceneManifest_Generation[sdk=iphoneos*]" = YES;
				"INFOPLIST_KEY_UIApplicationSceneManifest_Generation[sdk=iphonesimulator*]" = YES;
				"INFOPLIST_KEY_UIApplicationSupportsIndirectInputEvents[sdk=iphoneos*]" = YES;
				"INFOPLIST_KEY_UIApplicationSupportsIndirectInputEvents[sdk=iphonesimulator*]" = YES;
				"INFOPLIST_KEY_UILaunchScreen_Generation[sdk=iphoneos*]" = YES;
				"INFOPLIST_KEY_UILaunchScreen_Generation[sdk=iphonesimulator*]" = YES;
				"INFOPLIST_KEY_UIStatusBarStyle[sdk=iphoneos*]" = UIStatusBarStyleDefault;
				"INFOPLIST_KEY_UIStatusBarStyle[sdk=iphonesimulator*]" = UIStatusBarStyleDefault;
				INFOPLIST_KEY_UISupportedInterfaceOrientations_iPad = "UIInterfaceOrientationPortrait UIInterfaceOrientationPortraitUpsideDown UIInterfaceOrientationLandscapeLeft UIInterfaceOrientationLandscapeRight";
				INFOPLIST_KEY_UISupportedInterfaceOrientations_iPhone = "UIInterfaceOrientationPortrait UIInterfaceOrientationLandscapeLeft UIInterfaceOrientationLandscapeRight";
				IPHONEOS_DEPLOYMENT_TARGET = 16.1;
				LD_RUNPATH_SEARCH_PATHS = "@executable_path/Frameworks";
				"LD_RUNPATH_SEARCH_PATHS[sdk=macosx*]" = "@executable_path/../Frameworks";
				MACOSX_DEPLOYMENT_TARGET = 12.6;
				MARKETING_VERSION = 1.0;
				PRODUCT_BUNDLE_IDENTIFIER = Com.Ha.Auto;
				PRODUCT_NAME = "$(TARGET_NAME)";
				SDKROOT = auto;
				SUPPORTED_PLATFORMS = "iphoneos iphonesimulator macosx";
				SWIFT_EMIT_LOC_STRINGS = YES;
				SWIFT_VERSION = 5.0;
				TARGETED_DEVICE_FAMILY = "1,2";
			};
			name = Debug;
		};
		4377CC8629240994007F5E7A /* Release */ = {
			isa = XCBuildConfiguration;
			buildSettings = {
				ASSETCATALOG_COMPILER_APPICON_NAME = AppIcon;
				ASSETCATALOG_COMPILER_GLOBAL_ACCENT_COLOR_NAME = AccentColor;
				CODE_SIGN_ENTITLEMENTS = Auto/Auto.entitlements;
				CODE_SIGN_STYLE = Automatic;
				CURRENT_PROJECT_VERSION = 1;
				DEVELOPMENT_ASSET_PATHS = "\"Auto/Preview Content\"";
				DEVELOPMENT_TEAM = 4V37SMT4Q2;
				ENABLE_HARDENED_RUNTIME = YES;
				ENABLE_PREVIEWS = YES;
				GENERATE_INFOPLIST_FILE = YES;
				INFOPLIST_FILE = Auto/Info.plist;
				"INFOPLIST_KEY_UIApplicationSceneManifest_Generation[sdk=iphoneos*]" = YES;
				"INFOPLIST_KEY_UIApplicationSceneManifest_Generation[sdk=iphonesimulator*]" = YES;
				"INFOPLIST_KEY_UIApplicationSupportsIndirectInputEvents[sdk=iphoneos*]" = YES;
				"INFOPLIST_KEY_UIApplicationSupportsIndirectInputEvents[sdk=iphonesimulator*]" = YES;
				"INFOPLIST_KEY_UILaunchScreen_Generation[sdk=iphoneos*]" = YES;
				"INFOPLIST_KEY_UILaunchScreen_Generation[sdk=iphonesimulator*]" = YES;
				"INFOPLIST_KEY_UIStatusBarStyle[sdk=iphoneos*]" = UIStatusBarStyleDefault;
				"INFOPLIST_KEY_UIStatusBarStyle[sdk=iphonesimulator*]" = UIStatusBarStyleDefault;
				INFOPLIST_KEY_UISupportedInterfaceOrientations_iPad = "UIInterfaceOrientationPortrait UIInterfaceOrientationPortraitUpsideDown UIInterfaceOrientationLandscapeLeft UIInterfaceOrientationLandscapeRight";
				INFOPLIST_KEY_UISupportedInterfaceOrientations_iPhone = "UIInterfaceOrientationPortrait UIInterfaceOrientationLandscapeLeft UIInterfaceOrientationLandscapeRight";
				IPHONEOS_DEPLOYMENT_TARGET = 16.1;
				LD_RUNPATH_SEARCH_PATHS = "@executable_path/Frameworks";
				"LD_RUNPATH_SEARCH_PATHS[sdk=macosx*]" = "@executable_path/../Frameworks";
				MACOSX_DEPLOYMENT_TARGET = 12.6;
				MARKETING_VERSION = 1.0;
				PRODUCT_BUNDLE_IDENTIFIER = Com.Ha.Auto;
				PRODUCT_NAME = "$(TARGET_NAME)";
				SDKROOT = auto;
				SUPPORTED_PLATFORMS = "iphoneos iphonesimulator macosx";
				SWIFT_EMIT_LOC_STRINGS = YES;
				SWIFT_VERSION = 5.0;
				TARGETED_DEVICE_FAMILY = "1,2";
			};
			name = Release;
		};
		4377CC8829240994007F5E7A /* Debug */ = {
			isa = XCBuildConfiguration;
			buildSettings = {
				ALWAYS_EMBED_SWIFT_STANDARD_LIBRARIES = YES;
				BUNDLE_LOADER = "$(TEST_HOST)";
				CODE_SIGN_STYLE = Automatic;
				CURRENT_PROJECT_VERSION = 1;
				DEVELOPMENT_TEAM = 4V37SMT4Q2;
				GENERATE_INFOPLIST_FILE = YES;
				IPHONEOS_DEPLOYMENT_TARGET = 16.1;
				MACOSX_DEPLOYMENT_TARGET = 12.6;
				MARKETING_VERSION = 1.0;
				PRODUCT_BUNDLE_IDENTIFIER = Ha.AutoTests;
				PRODUCT_NAME = "$(TARGET_NAME)";
				SDKROOT = auto;
				SUPPORTED_PLATFORMS = "iphoneos iphonesimulator macosx";
				SWIFT_EMIT_LOC_STRINGS = NO;
				SWIFT_VERSION = 5.0;
				TARGETED_DEVICE_FAMILY = "1,2";
				TEST_HOST = "$(BUILT_PRODUCTS_DIR)/Auto.app/$(BUNDLE_EXECUTABLE_FOLDER_PATH)/Auto";
			};
			name = Debug;
		};
		4377CC8929240994007F5E7A /* Release */ = {
			isa = XCBuildConfiguration;
			buildSettings = {
				ALWAYS_EMBED_SWIFT_STANDARD_LIBRARIES = YES;
				BUNDLE_LOADER = "$(TEST_HOST)";
				CODE_SIGN_STYLE = Automatic;
				CURRENT_PROJECT_VERSION = 1;
				DEVELOPMENT_TEAM = 4V37SMT4Q2;
				GENERATE_INFOPLIST_FILE = YES;
				IPHONEOS_DEPLOYMENT_TARGET = 16.1;
				MACOSX_DEPLOYMENT_TARGET = 12.6;
				MARKETING_VERSION = 1.0;
				PRODUCT_BUNDLE_IDENTIFIER = Ha.AutoTests;
				PRODUCT_NAME = "$(TARGET_NAME)";
				SDKROOT = auto;
				SUPPORTED_PLATFORMS = "iphoneos iphonesimulator macosx";
				SWIFT_EMIT_LOC_STRINGS = NO;
				SWIFT_VERSION = 5.0;
				TARGETED_DEVICE_FAMILY = "1,2";
				TEST_HOST = "$(BUILT_PRODUCTS_DIR)/Auto.app/$(BUNDLE_EXECUTABLE_FOLDER_PATH)/Auto";
			};
			name = Release;
		};
		4377CC8B29240994007F5E7A /* Debug */ = {
			isa = XCBuildConfiguration;
			buildSettings = {
				ALWAYS_EMBED_SWIFT_STANDARD_LIBRARIES = YES;
				CODE_SIGN_STYLE = Automatic;
				CURRENT_PROJECT_VERSION = 1;
				DEVELOPMENT_TEAM = 4V37SMT4Q2;
				GENERATE_INFOPLIST_FILE = YES;
				IPHONEOS_DEPLOYMENT_TARGET = 16.1;
				MACOSX_DEPLOYMENT_TARGET = 12.6;
				MARKETING_VERSION = 1.0;
				PRODUCT_BUNDLE_IDENTIFIER = Ha.AutoUITests;
				PRODUCT_NAME = "$(TARGET_NAME)";
				SDKROOT = auto;
				SUPPORTED_PLATFORMS = "iphoneos iphonesimulator macosx";
				SWIFT_EMIT_LOC_STRINGS = NO;
				SWIFT_VERSION = 5.0;
				TARGETED_DEVICE_FAMILY = "1,2";
				TEST_TARGET_NAME = Auto;
			};
			name = Debug;
		};
		4377CC8C29240994007F5E7A /* Release */ = {
			isa = XCBuildConfiguration;
			buildSettings = {
				ALWAYS_EMBED_SWIFT_STANDARD_LIBRARIES = YES;
				CODE_SIGN_STYLE = Automatic;
				CURRENT_PROJECT_VERSION = 1;
				DEVELOPMENT_TEAM = 4V37SMT4Q2;
				GENERATE_INFOPLIST_FILE = YES;
				IPHONEOS_DEPLOYMENT_TARGET = 16.1;
				MACOSX_DEPLOYMENT_TARGET = 12.6;
				MARKETING_VERSION = 1.0;
				PRODUCT_BUNDLE_IDENTIFIER = Ha.AutoUITests;
				PRODUCT_NAME = "$(TARGET_NAME)";
				SDKROOT = auto;
				SUPPORTED_PLATFORMS = "iphoneos iphonesimulator macosx";
				SWIFT_EMIT_LOC_STRINGS = NO;
				SWIFT_VERSION = 5.0;
				TARGETED_DEVICE_FAMILY = "1,2";
				TEST_TARGET_NAME = Auto;
			};
			name = Release;
		};
/* End XCBuildConfiguration section */

/* Begin XCConfigurationList section */
		4377CC5A29240991007F5E7A /* Build configuration list for PBXProject "Auto" */ = {
			isa = XCConfigurationList;
			buildConfigurations = (
				4377CC8229240994007F5E7A /* Debug */,
				4377CC8329240994007F5E7A /* Release */,
			);
			defaultConfigurationIsVisible = 0;
			defaultConfigurationName = Release;
		};
		4377CC8429240994007F5E7A /* Build configuration list for PBXNativeTarget "Auto" */ = {
			isa = XCConfigurationList;
			buildConfigurations = (
				4377CC8529240994007F5E7A /* Debug */,
				4377CC8629240994007F5E7A /* Release */,
			);
			defaultConfigurationIsVisible = 0;
			defaultConfigurationName = Release;
		};
		4377CC8729240994007F5E7A /* Build configuration list for PBXNativeTarget "AutoTests" */ = {
			isa = XCConfigurationList;
			buildConfigurations = (
				4377CC8829240994007F5E7A /* Debug */,
				4377CC8929240994007F5E7A /* Release */,
			);
			defaultConfigurationIsVisible = 0;
			defaultConfigurationName = Release;
		};
		4377CC8A29240994007F5E7A /* Build configuration list for PBXNativeTarget "AutoUITests" */ = {
			isa = XCConfigurationList;
			buildConfigurations = (
				4377CC8B29240994007F5E7A /* Debug */,
				4377CC8C29240994007F5E7A /* Release */,
			);
			defaultConfigurationIsVisible = 0;
			defaultConfigurationName = Release;
		};
/* End XCConfigurationList section */

/* Begin XCRemoteSwiftPackageReference section */
		4377CC8D2924113B007F5E7A /* XCRemoteSwiftPackageReference "firebase-ios-sdk" */ = {
			isa = XCRemoteSwiftPackageReference;
			repositoryURL = "https://github.com/firebase/firebase-ios-sdk";
			requirement = {
				kind = upToNextMajorVersion;
				minimumVersion = 9.0.0;
			};
		};
/* End XCRemoteSwiftPackageReference section */

/* Begin XCSwiftPackageProductDependency section */
		4377CC8E2924113C007F5E7A /* FirebaseAnalytics */ = {
			isa = XCSwiftPackageProductDependency;
			package = 4377CC8D2924113B007F5E7A /* XCRemoteSwiftPackageReference "firebase-ios-sdk" */;
			productName = FirebaseAnalytics;
		};
		4377CC902924113C007F5E7A /* FirebaseAnalyticsOnDeviceConversion */ = {
			isa = XCSwiftPackageProductDependency;
			package = 4377CC8D2924113B007F5E7A /* XCRemoteSwiftPackageReference "firebase-ios-sdk" */;
			productName = FirebaseAnalyticsOnDeviceConversion;
		};
		4377CC922924113C007F5E7A /* FirebaseAnalyticsSwift */ = {
			isa = XCSwiftPackageProductDependency;
			package = 4377CC8D2924113B007F5E7A /* XCRemoteSwiftPackageReference "firebase-ios-sdk" */;
			productName = FirebaseAnalyticsSwift;
		};
		4377CC942924113C007F5E7A /* FirebaseAnalyticsWithoutAdIdSupport */ = {
			isa = XCSwiftPackageProductDependency;
			package = 4377CC8D2924113B007F5E7A /* XCRemoteSwiftPackageReference "firebase-ios-sdk" */;
			productName = FirebaseAnalyticsWithoutAdIdSupport;
		};
		4377CC962924113C007F5E7A /* FirebaseAppCheck */ = {
			isa = XCSwiftPackageProductDependency;
			package = 4377CC8D2924113B007F5E7A /* XCRemoteSwiftPackageReference "firebase-ios-sdk" */;
			productName = FirebaseAppCheck;
		};
		4377CC982924113C007F5E7A /* FirebaseAppDistribution-Beta */ = {
			isa = XCSwiftPackageProductDependency;
			package = 4377CC8D2924113B007F5E7A /* XCRemoteSwiftPackageReference "firebase-ios-sdk" */;
			productName = "FirebaseAppDistribution-Beta";
		};
		4377CC9A2924113C007F5E7A /* FirebaseAuth */ = {
			isa = XCSwiftPackageProductDependency;
			package = 4377CC8D2924113B007F5E7A /* XCRemoteSwiftPackageReference "firebase-ios-sdk" */;
			productName = FirebaseAuth;
		};
		4377CC9C2924113C007F5E7A /* FirebaseAuthCombine-Community */ = {
			isa = XCSwiftPackageProductDependency;
			package = 4377CC8D2924113B007F5E7A /* XCRemoteSwiftPackageReference "firebase-ios-sdk" */;
			productName = "FirebaseAuthCombine-Community";
		};
		4377CC9E2924113C007F5E7A /* FirebaseCrashlytics */ = {
			isa = XCSwiftPackageProductDependency;
			package = 4377CC8D2924113B007F5E7A /* XCRemoteSwiftPackageReference "firebase-ios-sdk" */;
			productName = FirebaseCrashlytics;
		};
		4377CCA02924113C007F5E7A /* FirebaseDatabase */ = {
			isa = XCSwiftPackageProductDependency;
			package = 4377CC8D2924113B007F5E7A /* XCRemoteSwiftPackageReference "firebase-ios-sdk" */;
			productName = FirebaseDatabase;
		};
		4377CCA22924113C007F5E7A /* FirebaseDatabaseSwift */ = {
			isa = XCSwiftPackageProductDependency;
			package = 4377CC8D2924113B007F5E7A /* XCRemoteSwiftPackageReference "firebase-ios-sdk" */;
			productName = FirebaseDatabaseSwift;
		};
		4377CCA42924113C007F5E7A /* FirebaseDynamicLinks */ = {
			isa = XCSwiftPackageProductDependency;
			package = 4377CC8D2924113B007F5E7A /* XCRemoteSwiftPackageReference "firebase-ios-sdk" */;
			productName = FirebaseDynamicLinks;
		};
		4377CCA62924113C007F5E7A /* FirebaseFirestore */ = {
			isa = XCSwiftPackageProductDependency;
			package = 4377CC8D2924113B007F5E7A /* XCRemoteSwiftPackageReference "firebase-ios-sdk" */;
			productName = FirebaseFirestore;
		};
		4377CCA82924113C007F5E7A /* FirebaseFirestoreCombine-Community */ = {
			isa = XCSwiftPackageProductDependency;
			package = 4377CC8D2924113B007F5E7A /* XCRemoteSwiftPackageReference "firebase-ios-sdk" */;
			productName = "FirebaseFirestoreCombine-Community";
		};
		4377CCAA2924113C007F5E7A /* FirebaseFirestoreSwift */ = {
			isa = XCSwiftPackageProductDependency;
			package = 4377CC8D2924113B007F5E7A /* XCRemoteSwiftPackageReference "firebase-ios-sdk" */;
			productName = FirebaseFirestoreSwift;
		};
		4377CCAC2924113C007F5E7A /* FirebaseFunctions */ = {
			isa = XCSwiftPackageProductDependency;
			package = 4377CC8D2924113B007F5E7A /* XCRemoteSwiftPackageReference "firebase-ios-sdk" */;
			productName = FirebaseFunctions;
		};
		4377CCAE2924113C007F5E7A /* FirebaseFunctionsCombine-Community */ = {
			isa = XCSwiftPackageProductDependency;
			package = 4377CC8D2924113B007F5E7A /* XCRemoteSwiftPackageReference "firebase-ios-sdk" */;
			productName = "FirebaseFunctionsCombine-Community";
		};
		4377CCB02924113C007F5E7A /* FirebaseInAppMessaging-Beta */ = {
			isa = XCSwiftPackageProductDependency;
			package = 4377CC8D2924113B007F5E7A /* XCRemoteSwiftPackageReference "firebase-ios-sdk" */;
			productName = "FirebaseInAppMessaging-Beta";
		};
		4377CCB22924113C007F5E7A /* FirebaseInAppMessagingSwift-Beta */ = {
			isa = XCSwiftPackageProductDependency;
			package = 4377CC8D2924113B007F5E7A /* XCRemoteSwiftPackageReference "firebase-ios-sdk" */;
			productName = "FirebaseInAppMessagingSwift-Beta";
		};
		4377CCB42924113C007F5E7A /* FirebaseInstallations */ = {
			isa = XCSwiftPackageProductDependency;
			package = 4377CC8D2924113B007F5E7A /* XCRemoteSwiftPackageReference "firebase-ios-sdk" */;
			productName = FirebaseInstallations;
		};
		4377CCB62924113C007F5E7A /* FirebaseMLModelDownloader */ = {
			isa = XCSwiftPackageProductDependency;
			package = 4377CC8D2924113B007F5E7A /* XCRemoteSwiftPackageReference "firebase-ios-sdk" */;
			productName = FirebaseMLModelDownloader;
		};
		4377CCB82924113C007F5E7A /* FirebaseMessaging */ = {
			isa = XCSwiftPackageProductDependency;
			package = 4377CC8D2924113B007F5E7A /* XCRemoteSwiftPackageReference "firebase-ios-sdk" */;
			productName = FirebaseMessaging;
		};
		4377CCBA2924113C007F5E7A /* FirebasePerformance */ = {
			isa = XCSwiftPackageProductDependency;
			package = 4377CC8D2924113B007F5E7A /* XCRemoteSwiftPackageReference "firebase-ios-sdk" */;
			productName = FirebasePerformance;
		};
		4377CCBC2924113C007F5E7A /* FirebaseRemoteConfig */ = {
			isa = XCSwiftPackageProductDependency;
			package = 4377CC8D2924113B007F5E7A /* XCRemoteSwiftPackageReference "firebase-ios-sdk" */;
			productName = FirebaseRemoteConfig;
		};
		4377CCBE2924113C007F5E7A /* FirebaseRemoteConfigSwift */ = {
			isa = XCSwiftPackageProductDependency;
			package = 4377CC8D2924113B007F5E7A /* XCRemoteSwiftPackageReference "firebase-ios-sdk" */;
			productName = FirebaseRemoteConfigSwift;
		};
		4377CCC02924113C007F5E7A /* FirebaseStorage */ = {
			isa = XCSwiftPackageProductDependency;
			package = 4377CC8D2924113B007F5E7A /* XCRemoteSwiftPackageReference "firebase-ios-sdk" */;
			productName = FirebaseStorage;
		};
		4377CCC22924113C007F5E7A /* FirebaseStorageCombine-Community */ = {
			isa = XCSwiftPackageProductDependency;
			package = 4377CC8D2924113B007F5E7A /* XCRemoteSwiftPackageReference "firebase-ios-sdk" */;
			productName = "FirebaseStorageCombine-Community";
		};
/* End XCSwiftPackageProductDependency section */
	};
	rootObject = 4377CC5729240991007F5E7A /* Project object */;
}
